
Microsoft Visual Studio Solution File, Format Version 12.00
# Visual Studio Version 16
VisualStudioVersion = 16.0.28803.202
MinimumVisualStudioVersion = 10.0.40219.1
Project("{FAE04EC0-301F-11D3-BF4B-00C04F79EFBC}") = "BridgeHCM", "BridgeHCM\BridgeHCM.csproj", "{1223C0C0-943A-42A5-9410-D69BE2EC4833}"
EndProject
Global
	GlobalSection(SolutionConfigurationPlatforms) = preSolution
		Debug|Any CPU = Debug|Any CPU
		Release|Any CPU = Release|Any CPU
	EndGlobalSection
	GlobalSection(ProjectConfigurationPlatforms) = postSolution
		{1223C0C0-943A-42A5-9410-D69BE2EC4833}.Debug|Any CPU.ActiveCfg = Debug|Any CPU
		{1223C0C0-943A-42A5-9410-D69BE2EC4833}.Debug|Any CPU.Build.0 = Debug|Any CPU
		{1223C0C0-943A-42A5-9410-D69BE2EC4833}.Release|Any CPU.ActiveCfg = Release|Any CPU
		{1223C0C0-943A-42A5-9410-D69BE2EC4833}.Release|Any CPU.Build.0 = Release|Any CPU
	EndGlobalSection
	GlobalSection(SolutionProperties) = preSolution
		HideSolutionNode = FALSE
	EndGlobalSection
	GlobalSection(ExtensibilityGlobals) = postSolution
		SolutionGuid = {900E7D1E-F435-4E26-9164-B0CF18758076}
	EndGlobalSection
EndGlobal
